
Microsoft Visual Studio Solution File, Format Version 12.00
# Visual Studio Version 17
VisualStudioVersion = 17.3.32929.385
MinimumVisualStudioVersion = 10.0.40219.1
Project("{FAE04EC0-301F-11D3-BF4B-00C04F79EFBC}") = "Tftp-FileTransfer", "Tftp-FileTransfer.csproj", "{916B82C4-2257-4538-B94A-416D03E20D22}"
EndProject
Global
	GlobalSection(SolutionConfigurationPlatforms) = preSolution
		Debug|Any CPU = Debug|Any CPU
		Release|Any CPU = Release|Any CPU
	EndGlobalSection
	GlobalSection(ProjectConfigurationPlatforms) = postSolution
		{916B82C4-2257-4538-B94A-416D03E20D22}.Debug|Any CPU.ActiveCfg = Debug|Any CPU
		{916B82C4-2257-4538-B94A-416D03E20D22}.Debug|Any CPU.Build.0 = Debug|Any CPU
		{916B82C4-2257-4538-B94A-416D03E20D22}.Release|Any CPU.ActiveCfg = Release|Any CPU
		{916B82C4-2257-4538-B94A-416D03E20D22}.Release|Any CPU.Build.0 = Release|Any CPU
	EndGlobalSection
	GlobalSection(SolutionProperties) = preSolution
		HideSolutionNode = FALSE
	EndGlobalSection
	GlobalSection(ExtensibilityGlobals) = postSolution
		SolutionGuid = {7D51E25D-E272-4ADC-BD92-DE09FEFD9DAC}
	EndGlobalSection
EndGlobal
